
Microsoft Visual Studio Solution File, Format Version 12.00
# Visual Studio Version 17
VisualStudioVersion = 17.0.32126.317
MinimumVisualStudioVersion = 10.0.40219.1
Project("{9A19103F-16F7-4668-BE54-9A1E7A4F7556}") = "TvScraperService.Api", "TvScraperService.Api\TvScraperService.Api.csproj", "{EC442097-5FAB-4DE9-B3ED-E48D6AE8A7DD}"
EndProject
Project("{9A19103F-16F7-4668-BE54-9A1E7A4F7556}") = "TvScraperService.Core", "TvScraperService.Core\TvScraperService.Core.csproj", "{3CC9520D-894A-45E8-A350-A81A66C56CC1}"
EndProject
Project("{9A19103F-16F7-4668-BE54-9A1E7A4F7556}") = "TvScraperService.Infrastructure", "TvScraperService.Infrastructure\TvScraperService.Infrastructure.csproj", "{96738C65-B3D7-4B15-B260-DC025E43057E}"
EndProject
Project("{9A19103F-16F7-4668-BE54-9A1E7A4F7556}") = "TvScraperService.Integration", "TvScraperService.Integration\TvScraperService.Integration.csproj", "{3C15AC9C-EDBA-4D63-9333-091735D0F1E0}"
EndProject
Project("{FAE04EC0-301F-11D3-BF4B-00C04F79EFBC}") = "TvScraperService.Tests", "TvScraperService.Tests\TvScraperService.Tests.csproj", "{395B2128-A349-46D5-8047-A01D2EF50B83}"
EndProject
Global
	GlobalSection(SolutionConfigurationPlatforms) = preSolution
		Debug|Any CPU = Debug|Any CPU
		Release|Any CPU = Release|Any CPU
	EndGlobalSection
	GlobalSection(ProjectConfigurationPlatforms) = postSolution
		{EC442097-5FAB-4DE9-B3ED-E48D6AE8A7DD}.Debug|Any CPU.ActiveCfg = Debug|Any CPU
		{EC442097-5FAB-4DE9-B3ED-E48D6AE8A7DD}.Debug|Any CPU.Build.0 = Debug|Any CPU
		{EC442097-5FAB-4DE9-B3ED-E48D6AE8A7DD}.Release|Any CPU.ActiveCfg = Release|Any CPU
		{EC442097-5FAB-4DE9-B3ED-E48D6AE8A7DD}.Release|Any CPU.Build.0 = Release|Any CPU
		{3CC9520D-894A-45E8-A350-A81A66C56CC1}.Debug|Any CPU.ActiveCfg = Debug|Any CPU
		{3CC9520D-894A-45E8-A350-A81A66C56CC1}.Debug|Any CPU.Build.0 = Debug|Any CPU
		{3CC9520D-894A-45E8-A350-A81A66C56CC1}.Release|Any CPU.ActiveCfg = Release|Any CPU
		{3CC9520D-894A-45E8-A350-A81A66C56CC1}.Release|Any CPU.Build.0 = Release|Any CPU
		{96738C65-B3D7-4B15-B260-DC025E43057E}.Debug|Any CPU.ActiveCfg = Debug|Any CPU
		{96738C65-B3D7-4B15-B260-DC025E43057E}.Debug|Any CPU.Build.0 = Debug|Any CPU
		{96738C65-B3D7-4B15-B260-DC025E43057E}.Release|Any CPU.ActiveCfg = Release|Any CPU
		{96738C65-B3D7-4B15-B260-DC025E43057E}.Release|Any CPU.Build.0 = Release|Any CPU
		{3C15AC9C-EDBA-4D63-9333-091735D0F1E0}.Debug|Any CPU.ActiveCfg = Debug|Any CPU
		{3C15AC9C-EDBA-4D63-9333-091735D0F1E0}.Debug|Any CPU.Build.0 = Debug|Any CPU
		{3C15AC9C-EDBA-4D63-9333-091735D0F1E0}.Release|Any CPU.ActiveCfg = Release|Any CPU
		{3C15AC9C-EDBA-4D63-9333-091735D0F1E0}.Release|Any CPU.Build.0 = Release|Any CPU
		{395B2128-A349-46D5-8047-A01D2EF50B83}.Debug|Any CPU.ActiveCfg = Debug|Any CPU
		{395B2128-A349-46D5-8047-A01D2EF50B83}.Debug|Any CPU.Build.0 = Debug|Any CPU
		{395B2128-A349-46D5-8047-A01D2EF50B83}.Release|Any CPU.ActiveCfg = Release|Any CPU
		{395B2128-A349-46D5-8047-A01D2EF50B83}.Release|Any CPU.Build.0 = Release|Any CPU
	EndGlobalSection
	GlobalSection(SolutionProperties) = preSolution
		HideSolutionNode = FALSE
	EndGlobalSection
	GlobalSection(ExtensibilityGlobals) = postSolution
		SolutionGuid = {61A4A185-530D-4A51-83ED-F26F316236F3}
	EndGlobalSection
EndGlobal
